// !$*UTF8*$!
{
	archiveVersion = 1;
	classes = {
	};
	objectVersion = 46;
	objects = {

/* Begin PBXBuildFile section */
		7C43446D1B54C40200BAC801 /* main.m in Sources */ = {isa = PBXBuildFile; fileRef = 7C43446C1B54C40200BAC801 /* main.m */; };
		7C4344701B54C40200BAC801 /* AppDelegate.m in Sources */ = {isa = PBXBuildFile; fileRef = 7C43446F1B54C40200BAC801 /* AppDelegate.m */; };
		7C4344731B54C40200BAC801 /* ViewController.m in Sources */ = {isa = PBXBuildFile; fileRef = 7C4344721B54C40200BAC801 /* ViewController.m */; };
		7C4344761B54C40200BAC801 /* Main.storyboard in Resources */ = {isa = PBXBuildFile; fileRef = 7C4344741B54C40200BAC801 /* Main.storyboard */; };
		7C4344781B54C40200BAC801 /* Images.xcassets in Resources */ = {isa = PBXBuildFile; fileRef = 7C4344771B54C40200BAC801 /* Images.xcassets */; };
		7C43447B1B54C40200BAC801 /* LaunchScreen.xib in Resources */ = {isa = PBXBuildFile; fileRef = 7C4344791B54C40200BAC801 /* LaunchScreen.xib */; };
		7C4344871B54C40200BAC801 /* __Tests.m in Sources */ = {isa = PBXBuildFile; fileRef = 7C4344861B54C40200BAC801 /* __Tests.m */; };
		7C7F1EE71B552BDE00AEC33E /* data.xml in Resources */ = {isa = PBXBuildFile; fileRef = 7C7F1EE61B552BDE00AEC33E /* data.xml */; };
		7C7F1EEA1B553F0A00AEC33E /* Person.m in Sources */ = {isa = PBXBuildFile; fileRef = 7C7F1EE91B553F0A00AEC33E /* Person.m */; };
		7C7F1EEE1B55401E00AEC33E /* PersonTests.m in Sources */ = {isa = PBXBuildFile; fileRef = 7C7F1EED1B55401E00AEC33E /* PersonTests.m */; };
/* End PBXBuildFile section */

/* Begin PBXContainerItemProxy section */
		7C4344811B54C40200BAC801 /* PBXContainerItemProxy */ = {
			isa = PBXContainerItemProxy;
			containerPortal = 7C43445F1B54C40200BAC801 /* Project object */;
			proxyType = 1;
			remoteGlobalIDString = 7C4344661B54C40200BAC801;
			remoteInfo = "网络";
		};
/* End PBXContainerItemProxy section */

/* Begin PBXFileReference section */
		7C4344671B54C40200BAC801 /* 网络.app */ = {isa = PBXFileReference; explicitFileType = wrapper.application; includeInIndex = 0; path = "网络.app"; sourceTree = BUILT_PRODUCTS_DIR; };
		7C43446B1B54C40200BAC801 /* Info.plist */ = {isa = PBXFileReference; lastKnownFileType = text.plist.xml; path = Info.plist; sourceTree = "<group>"; };
		7C43446C1B54C40200BAC801 /* main.m */ = {isa = PBXFileReference; lastKnownFileType = sourcecode.c.objc; path = main.m; sourceTree = "<group>"; };
		7C43446E1B54C40200BAC801 /* AppDelegate.h */ = {isa = PBXFileReference; lastKnownFileType = sourcecode.c.h; path = AppDelegate.h; sourceTree = "<group>"; };
		7C43446F1B54C40200BAC801 /* AppDelegate.m */ = {isa = PBXFileReference; lastKnownFileType = sourcecode.c.objc; path = AppDelegate.m; sourceTree = "<group>"; };
		7C4344711B54C40200BAC801 /* ViewController.h */ = {isa = PBXFileReference; lastKnownFileType = sourcecode.c.h; path = ViewController.h; sourceTree = "<group>"; };
		7C4344721B54C40200BAC801 /* ViewController.m */ = {isa = PBXFileReference; lastKnownFileType = sourcecode.c.objc; path = ViewController.m; sourceTree = "<group>"; };
		7C4344751B54C40200BAC801 /* Base */ = {isa = PBXFileReference; lastKnownFileType = file.storyboard; name = Base; path = Base.lproj/Main.storyboard; sourceTree = "<group>"; };
		7C4344771B54C40200BAC801 /* Images.xcassets */ = {isa = PBXFileReference; lastKnownFileType = folder.assetcatalog; path = Images.xcassets; sourceTree = "<group>"; };
		7C43447A1B54C40200BAC801 /* Base */ = {isa = PBXFileReference; lastKnownFileType = file.xib; name = Base; path = Base.lproj/LaunchScreen.xib; sourceTree = "<group>"; };
		7C4344801B54C40200BAC801 /* 网络Tests.xctest */ = {isa = PBXFileReference; explicitFileType = wrapper.cfbundle; includeInIndex = 0; path = "网络Tests.xctest"; sourceTree = BUILT_PRODUCTS_DIR; };
		7C4344851B54C40200BAC801 /* Info.plist */ = {isa = PBXFileReference; lastKnownFileType = text.plist.xml; path = Info.plist; sourceTree = "<group>"; };
		7C4344861B54C40200BAC801 /* __Tests.m */ = {isa = PBXFileReference; lastKnownFileType = sourcecode.c.objc; path = __Tests.m; sourceTree = "<group>"; };
		7C7F1EE61B552BDE00AEC33E /* data.xml */ = {isa = PBXFileReference; fileEncoding = 4; lastKnownFileType = text.xml; path = data.xml; sourceTree = "<group>"; };
		7C7F1EE81B553F0A00AEC33E /* Person.h */ = {isa = PBXFileReference; fileEncoding = 4; lastKnownFileType = sourcecode.c.h; path = Person.h; sourceTree = SOURCE_ROOT; };
		7C7F1EE91B553F0A00AEC33E /* Person.m */ = {isa = PBXFileReference; fileEncoding = 4; lastKnownFileType = sourcecode.c.objc; path = Person.m; sourceTree = SOURCE_ROOT; };
		7C7F1EED1B55401E00AEC33E /* PersonTests.m */ = {isa = PBXFileReference; fileEncoding = 4; lastKnownFileType = sourcecode.c.objc; path = PersonTests.m; sourceTree = "<group>"; };
/* End PBXFileReference section */

/* Begin PBXFrameworksBuildPhase section */
		7C4344641B54C40200BAC801 /* Frameworks */ = {
			isa = PBXFrameworksBuildPhase;
			buildActionMask = 2147483647;
			files = (
			);
			runOnlyForDeploymentPostprocessing = 0;
		};
		7C43447D1B54C40200BAC801 /* Frameworks */ = {
			isa = PBXFrameworksBuildPhase;
			buildActionMask = 2147483647;
			files = (
			);
			runOnlyForDeploymentPostprocessing = 0;
		};
/* End PBXFrameworksBuildPhase section */

/* Begin PBXGroup section */
		7C43445E1B54C40200BAC801 = {
			isa = PBXGroup;
			children = (
				7C4344691B54C40200BAC801 /* 网络 */,
				7C4344831B54C40200BAC801 /* 网络Tests */,
				7C4344681B54C40200BAC801 /* Products */,
			);
			sourceTree = "<group>";
		};
		7C4344681B54C40200BAC801 /* Products */ = {
			isa = PBXGroup;
			children = (
				7C4344671B54C40200BAC801 /* 网络.app */,
				7C4344801B54C40200BAC801 /* 网络Tests.xctest */,
			);
			name = Products;
			sourceTree = "<group>";
		};
		7C4344691B54C40200BAC801 /* 网络 */ = {
			isa = PBXGroup;
			children = (
				7C43446E1B54C40200BAC801 /* AppDelegate.h */,
				7C43446F1B54C40200BAC801 /* AppDelegate.m */,
				7C4344711B54C40200BAC801 /* ViewController.h */,
				7C4344721B54C40200BAC801 /* ViewController.m */,
				7C4344741B54C40200BAC801 /* Main.storyboard */,
				7C4344771B54C40200BAC801 /* Images.xcassets */,
				7C4344791B54C40200BAC801 /* LaunchScreen.xib */,
				7C43446A1B54C40200BAC801 /* Supporting Files */,
				7C7F1EE61B552BDE00AEC33E /* data.xml */,
				7C7F1EE81B553F0A00AEC33E /* Person.h */,
				7C7F1EE91B553F0A00AEC33E /* Person.m */,
			);
			path = "网络";
			sourceTree = "<group>";
		};
		7C43446A1B54C40200BAC801 /* Supporting Files */ = {
			isa = PBXGroup;
			children = (
				7C43446B1B54C40200BAC801 /* Info.plist */,
				7C43446C1B54C40200BAC801 /* main.m */,
			);
			name = "Supporting Files";
			sourceTree = "<group>";
		};
		7C4344831B54C40200BAC801 /* 网络Tests */ = {
			isa = PBXGroup;
			children = (
				7C4344861B54C40200BAC801 /* __Tests.m */,
				7C4344841B54C40200BAC801 /* Supporting Files */,
				7C7F1EED1B55401E00AEC33E /* PersonTests.m */,
			);
			path = "网络Tests";
			sourceTree = "<group>";
		};
		7C4344841B54C40200BAC801 /* Supporting Files */ = {
			isa = PBXGroup;
			children = (
				7C4344851B54C40200BAC801 /* Info.plist */,
			);
			name = "Supporting Files";
			sourceTree = "<group>";
		};
/* End PBXGroup section */

/* Begin PBXNativeTarget section */
		7C4344661B54C40200BAC801 /* 网络 */ = {
			isa = PBXNativeTarget;
			buildConfigurationList = 7C43448A1B54C40200BAC801 /* Build configuration list for PBXNativeTarget "网络" */;
			buildPhases = (
				7C4344631B54C40200BAC801 /* Sources */,
				7C4344641B54C40200BAC801 /* Frameworks */,
				7C4344651B54C40200BAC801 /* Resources */,
			);
			buildRules = (
			);
			dependencies = (
			);
			name = "网络";
			productName = "网络";
			productReference = 7C4344671B54C40200BAC801 /* 网络.app */;
			productType = "com.apple.product-type.application";
		};
		7C43447F1B54C40200BAC801 /* 网络Tests */ = {
			isa = PBXNativeTarget;
			buildConfigurationList = 7C43448D1B54C40200BAC801 /* Build configuration list for PBXNativeTarget "网络Tests" */;
			buildPhases = (
				7C43447C1B54C40200BAC801 /* Sources */,
				7C43447D1B54C40200BAC801 /* Frameworks */,
				7C43447E1B54C40200BAC801 /* Resources */,
			);
			buildRules = (
			);
			dependencies = (
				7C4344821B54C40200BAC801 /* PBXTargetDependency */,
			);
			name = "网络Tests";
			productName = "网络Tests";
			productReference = 7C4344801B54C40200BAC801 /* 网络Tests.xctest */;
			productType = "com.apple.product-type.bundle.unit-test";
		};
/* End PBXNativeTarget section */

/* Begin PBXProject section */
		7C43445F1B54C40200BAC801 /* Project object */ = {
			isa = PBXProject;
			attributes = {
				LastUpgradeCheck = 0640;
				ORGANIZATIONNAME = dhu.cst;
				TargetAttributes = {
					7C4344661B54C40200BAC801 = {
						CreatedOnToolsVersion = 6.4;
					};
					7C43447F1B54C40200BAC801 = {
						CreatedOnToolsVersion = 6.4;
						TestTargetID = 7C4344661B54C40200BAC801;
					};
				};
			};
			buildConfigurationList = 7C4344621B54C40200BAC801 /* Build configuration list for PBXProject "网络" */;
			compatibilityVersion = "Xcode 3.2";
			developmentRegion = English;
			hasScannedForEncodings = 0;
			knownRegions = (
				en,
				Base,
			);
			mainGroup = 7C43445E1B54C40200BAC801;
			productRefGroup = 7C4344681B54C40200BAC801 /* Products */;
			projectDirPath = "";
			projectRoot = "";
			targets = (
				7C4344661B54C40200BAC801 /* 网络 */,
				7C43447F1B54C40200BAC801 /* 网络Tests */,
			);
		};
/* End PBXProject section */

/* Begin PBXResourcesBuildPhase section */
		7C4344651B54C40200BAC801 /* Resources */ = {
			isa = PBXResourcesBuildPhase;
			buildActionMask = 2147483647;
			files = (
				7C4344761B54C40200BAC801 /* Main.storyboard in Resources */,
				7C7F1EE71B552BDE00AEC33E /* data.xml in Resources */,
				7C43447B1B54C40200BAC801 /* LaunchScreen.xib in Resources */,
				7C4344781B54C40200BAC801 /* Images.xcassets in Resources */,
			);
			runOnlyForDeploymentPostprocessing = 0;
		};
		7C43447E1B54C40200BAC801 /* Resources */ = {
			isa = PBXResourcesBuildPhase;
			buildActionMask = 2147483647;
			files = (
			);
			runOnlyForDeploymentPostprocessing = 0;
		};
/* End PBXResourcesBuildPhase section */

/* Begin PBXSourcesBuildPhase section */
		7C4344631B54C40200BAC801 /* Sources */ = {
			isa = PBXSourcesBuildPhase;
			buildActionMask = 2147483647;
			files = (
				7C4344731B54C40200BAC801 /* ViewController.m in Sources */,
				7C4344701B54C40200BAC801 /* AppDelegate.m in Sources */,
				7C7F1EEA1B553F0A00AEC33E /* Person.m in Sources */,
				7C43446D1B54C40200BAC801 /* main.m in Sources */,
			);
			runOnlyForDeploymentPostprocessing = 0;
		};
		7C43447C1B54C40200BAC801 /* Sources */ = {
			isa = PBXSourcesBuildPhase;
			buildActionMask = 2147483647;
			files = (
				7C7F1EEE1B55401E00AEC33E /* PersonTests.m in Sources */,
				7C4344871B54C40200BAC801 /* __Tests.m in Sources */,
			);
			runOnlyForDeploymentPostprocessing = 0;
		};
/* End PBXSourcesBuildPhase section */

/* Begin PBXTargetDependency section */
		7C4344821B54C40200BAC801 /* PBXTargetDependency */ = {
			isa = PBXTargetDependency;
			target = 7C4344661B54C40200BAC801 /* 网络 */;
			targetProxy = 7C4344811B54C40200BAC801 /* PBXContainerItemProxy */;
		};
/* End PBXTargetDependency section */

/* Begin PBXVariantGroup section */
		7C4344741B54C40200BAC801 /* Main.storyboard */ = {
			isa = PBXVariantGroup;
			children = (
				7C4344751B54C40200BAC801 /* Base */,
			);
			name = Main.storyboard;
			sourceTree = "<group>";
		};
		7C4344791B54C40200BAC801 /* LaunchScreen.xib */ = {
			isa = PBXVariantGroup;
			children = (
				7C43447A1B54C40200BAC801 /* Base */,
			);
			name = LaunchScreen.xib;
			sourceTree = "<group>";
		};
/* End PBXVariantGroup section */

/* Begin XCBuildConfiguration section */
		7C4344881B54C40200BAC801 /* Debug */ = {
			isa = XCBuildConfiguration;
			buildSettings = {
				ALWAYS_SEARCH_USER_PATHS = NO;
				CLANG_CXX_LANGUAGE_STANDARD = "gnu++0x";
				CLANG_CXX_LIBRARY = "libc++";
				CLANG_ENABLE_MODULES = YES;
				CLANG_ENABLE_OBJC_ARC = YES;
				CLANG_WARN_BOOL_CONVERSION = YES;
				CLANG_WARN_CONSTANT_CONVERSION = YES;
				CLANG_WARN_DIRECT_OBJC_ISA_USAGE = YES_ERROR;
				CLANG_WARN_EMPTY_BODY = YES;
				CLANG_WARN_ENUM_CONVERSION = YES;
				CLANG_WARN_INT_CONVERSION = YES;
				CLANG_WARN_OBJC_ROOT_CLASS = YES_ERROR;
				CLANG_WARN_UNREACHABLE_CODE = YES;
				CLANG_WARN__DUPLICATE_METHOD_MATCH = YES;
				"CODE_SIGN_IDENTITY[sdk=iphoneos*]" = "iPhone Developer";
				COPY_PHASE_STRIP = NO;
				DEBUG_INFORMATION_FORMAT = "dwarf-with-dsym";
				ENABLE_STRICT_OBJC_MSGSEND = YES;
				GCC_C_LANGUAGE_STANDARD = gnu99;
				GCC_DYNAMIC_NO_PIC = NO;
				GCC_NO_COMMON_BLOCKS = YES;
				GCC_OPTIMIZATION_LEVEL = 0;
				GCC_PREPROCESSOR_DEFINITIONS = (
					"DEBUG=1",
					"$(inherited)",
				);
				GCC_SYMBOLS_PRIVATE_EXTERN = NO;
				GCC_WARN_64_TO_32_BIT_CONVERSION = YES;
				GCC_WARN_ABOUT_RETURN_TYPE = YES_ERROR;
				GCC_WARN_UNDECLARED_SELECTOR = YES;
				GCC_WARN_UNINITIALIZED_AUTOS = YES_AGGRESSIVE;
				GCC_WARN_UNUSED_FUNCTION = YES;
				GCC_WARN_UNUSED_VARIABLE = YES;
				IPHONEOS_DEPLOYMENT_TARGET = 8.4;
				MTL_ENABLE_DEBUG_INFO = YES;
				ONLY_ACTIVE_ARCH = YES;
				SDKROOT = iphoneos;
			};
			name = Debug;
		};
		7C4344891B54C40200BAC801 /* Release */ = {
			isa = XCBuildConfiguration;
			buildSettings = {
				ALWAYS_SEARCH_USER_PATHS = NO;
				CLANG_CXX_LANGUAGE_STANDARD = "gnu++0x";
				CLANG_CXX_LIBRARY = "libc++";
				CLANG_ENABLE_MODULES = YES;
				CLANG_ENABLE_OBJC_ARC = YES;
				CLANG_WARN_BOOL_CONVERSION = YES;
				CLANG_WARN_CONSTANT_CONVERSION = YES;
				CLANG_WARN_DIRECT_OBJC_ISA_USAGE = YES_ERROR;
				CLANG_WARN_EMPTY_BODY = YES;
				CLANG_WARN_ENUM_CONVERSION = YES;
				CLANG_WARN_INT_CONVERSION = YES;
				CLANG_WARN_OBJC_ROOT_CLASS = YES_ERROR;
				CLANG_WARN_UNREACHABLE_CODE = YES;
				CLANG_WARN__DUPLICATE_METHOD_MATCH = YES;
				"CODE_SIGN_IDENTITY[sdk=iphoneos*]" = "iPhone Developer";
				COPY_PHASE_STRIP = NO;
				DEBUG_INFORMATION_FORMAT = "dwarf-with-dsym";
				ENABLE_NS_ASSERTIONS = NO;
				ENABLE_STRICT_OBJC_MSGSEND = YES;
				GCC_C_LANGUAGE_STANDARD = gnu99;
				GCC_NO_COMMON_BLOCKS = YES;
				GCC_WARN_64_TO_32_BIT_CONVERSION = YES;
				GCC_WARN_ABOUT_RETURN_TYPE = YES_ERROR;
				GCC_WARN_UNDECLARED_SELECTOR = YES;
				GCC_WARN_UNINITIALIZED_AUTOS = YES_AGGRESSIVE;
				GCC_WARN_UNUSED_FUNCTION = YES;
				GCC_WARN_UNUSED_VARIABLE = YES;
				IPHONEOS_DEPLOYMENT_TARGET = 8.4;
				MTL_ENABLE_DEBUG_INFO = NO;
				SDKROOT = iphoneos;
				VALIDATE_PRODUCT = YES;
			};
			name = Release;
		};
		7C43448B1B54C40200BAC801 /* Debug */ = {
			isa = XCBuildConfiguration;
			buildSettings = {
				ASSETCATALOG_COMPILER_APPICON_NAME = AppIcon;
				INFOPLIST_FILE = "网络/Info.plist";
				LD_RUNPATH_SEARCH_PATHS = "$(inherited) @executable_path/Frameworks";
				PRODUCT_NAME = "$(TARGET_NAME)";
			};
			name = Debug;
		};
		7C43448C1B54C40200BAC801 /* Release */ = {
			isa = XCBuildConfiguration;
			buildSettings = {
				ASSETCATALOG_COMPILER_APPICON_NAME = AppIcon;
				INFOPLIST_FILE = "网络/Info.plist";
				LD_RUNPATH_SEARCH_PATHS = "$(inherited) @executable_path/Frameworks";
				PRODUCT_NAME = "$(TARGET_NAME)";
			};
			name = Release;
		};
		7C43448E1B54C40200BAC801 /* Debug */ = {
			isa = XCBuildConfiguration;
			buildSettings = {
				BUNDLE_LOADER = "$(TEST_HOST)";
				FRAMEWORK_SEARCH_PATHS = (
					"$(SDKROOT)/Developer/Library/Frameworks",
					"$(inherited)",
				);
				GCC_PREPROCESSOR_DEFINITIONS = (
					"DEBUG=1",
					"$(inherited)",
				);
				INFOPLIST_FILE = "网络Tests/Info.plist";
				LD_RUNPATH_SEARCH_PATHS = "$(inherited) @executable_path/Frameworks @loader_path/Frameworks";
				PRODUCT_NAME = "$(TARGET_NAME)";
				TEST_HOST = "$(BUILT_PRODUCTS_DIR)/网络.app/网络";
			};
			name = Debug;
		};
		7C43448F1B54C40200BAC801 /* Release */ = {
			isa = XCBuildConfiguration;
			buildSettings = {
				BUNDLE_LOADER = "$(TEST_HOST)";
				FRAMEWORK_SEARCH_PATHS = (
					"$(SDKROOT)/Developer/Library/Frameworks",
					"$(inherited)",
				);
				INFOPLIST_FILE = "网络Tests/Info.plist";
				LD_RUNPATH_SEARCH_PATHS = "$(inherited) @executable_path/Frameworks @loader_path/Frameworks";
				PRODUCT_NAME = "$(TARGET_NAME)";
				TEST_HOST = "$(BUILT_PRODUCTS_DIR)/网络.app/网络";
			};
			name = Release;
		};
/* End XCBuildConfiguration section */

/* Begin XCConfigurationList section */
		7C4344621B54C40200BAC801 /* Build configuration list for PBXProject "网络" */ = {
			isa = XCConfigurationList;
			buildConfigurations = (
				7C4344881B54C40200BAC801 /* Debug */,
				7C4344891B54C40200BAC801 /* Release */,
			);
			defaultConfigurationIsVisible = 0;
			defaultConfigurationName = Release;
		};
		7C43448A1B54C40200BAC801 /* Build configuration list for PBXNativeTarget "网络" */ = {
			isa = XCConfigurationList;
			buildConfigurations = (
				7C43448B1B54C40200BAC801 /* Debug */,
				7C43448C1B54C40200BAC801 /* Release */,
			);
			defaultConfigurationIsVisible = 0;
			defaultConfigurationName = Release;
		};
		7C43448D1B54C40200BAC801 /* Build configuration list for PBXNativeTarget "网络Tests" */ = {
			isa = XCConfigurationList;
			buildConfigurations = (
				7C43448E1B54C40200BAC801 /* Debug */,
				7C43448F1B54C40200BAC801 /* Release */,
			);
			defaultConfigurationIsVisible = 0;
			defaultConfigurationName = Release;
		};
/* End XCConfigurationList section */
	};
	rootObject = 7C43445F1B54C40200BAC801 /* Project object */;
}
