// !$*UTF8*$!
{
	archiveVersion = 1;
	classes = {
	};
	objectVersion = 46;
	objects = {

/* Begin PBXBuildFile section */
		7C4344351B53AAAA00BAC801 /* main.m in Sources */ = {isa = PBXBuildFile; fileRef = 7C4344341B53AAAA00BAC801 /* main.m */; };
		7C4344381B53AAAA00BAC801 /* AppDelegate.m in Sources */ = {isa = PBXBuildFile; fileRef = 7C4344371B53AAAA00BAC801 /* AppDelegate.m */; };
		7C43443B1B53AAAA00BAC801 /* ViewController.m in Sources */ = {isa = PBXBuildFile; fileRef = 7C43443A1B53AAAA00BAC801 /* ViewController.m */; };
		7C43443E1B53AAAA00BAC801 /* Main.storyboard in Resources */ = {isa = PBXBuildFile; fileRef = 7C43443C1B53AAAA00BAC801 /* Main.storyboard */; };
		7C4344401B53AAAA00BAC801 /* Images.xcassets in Resources */ = {isa = PBXBuildFile; fileRef = 7C43443F1B53AAAA00BAC801 /* Images.xcassets */; };
		7C4344431B53AAAA00BAC801 /* LaunchScreen.xib in Resources */ = {isa = PBXBuildFile; fileRef = 7C4344411B53AAAA00BAC801 /* LaunchScreen.xib */; };
		7C43444F1B53AAAA00BAC801 /* GitDemoTests.m in Sources */ = {isa = PBXBuildFile; fileRef = 7C43444E1B53AAAA00BAC801 /* GitDemoTests.m */; };
/* End PBXBuildFile section */

/* Begin PBXContainerItemProxy section */
		7C4344491B53AAAA00BAC801 /* PBXContainerItemProxy */ = {
			isa = PBXContainerItemProxy;
			containerPortal = 7C4344271B53AAA900BAC801 /* Project object */;
			proxyType = 1;
			remoteGlobalIDString = 7C43442E1B53AAA900BAC801;
			remoteInfo = GitDemo;
		};
/* End PBXContainerItemProxy section */

/* Begin PBXFileReference section */
		7C43442F1B53AAA900BAC801 /* GitDemo.app */ = {isa = PBXFileReference; explicitFileType = wrapper.application; includeInIndex = 0; path = GitDemo.app; sourceTree = BUILT_PRODUCTS_DIR; };
		7C4344331B53AAAA00BAC801 /* Info.plist */ = {isa = PBXFileReference; lastKnownFileType = text.plist.xml; path = Info.plist; sourceTree = "<group>"; };
		7C4344341B53AAAA00BAC801 /* main.m */ = {isa = PBXFileReference; lastKnownFileType = sourcecode.c.objc; path = main.m; sourceTree = "<group>"; };
		7C4344361B53AAAA00BAC801 /* AppDelegate.h */ = {isa = PBXFileReference; lastKnownFileType = sourcecode.c.h; path = AppDelegate.h; sourceTree = "<group>"; };
		7C4344371B53AAAA00BAC801 /* AppDelegate.m */ = {isa = PBXFileReference; lastKnownFileType = sourcecode.c.objc; path = AppDelegate.m; sourceTree = "<group>"; };
		7C4344391B53AAAA00BAC801 /* ViewController.h */ = {isa = PBXFileReference; lastKnownFileType = sourcecode.c.h; path = ViewController.h; sourceTree = "<group>"; };
		7C43443A1B53AAAA00BAC801 /* ViewController.m */ = {isa = PBXFileReference; lastKnownFileType = sourcecode.c.objc; path = ViewController.m; sourceTree = "<group>"; };
		7C43443D1B53AAAA00BAC801 /* Base */ = {isa = PBXFileReference; lastKnownFileType = file.storyboard; name = Base; path = Base.lproj/Main.storyboard; sourceTree = "<group>"; };
		7C43443F1B53AAAA00BAC801 /* Images.xcassets */ = {isa = PBXFileReference; lastKnownFileType = folder.assetcatalog; path = Images.xcassets; sourceTree = "<group>"; };
		7C4344421B53AAAA00BAC801 /* Base */ = {isa = PBXFileReference; lastKnownFileType = file.xib; name = Base; path = Base.lproj/LaunchScreen.xib; sourceTree = "<group>"; };
		7C4344481B53AAAA00BAC801 /* GitDemoTests.xctest */ = {isa = PBXFileReference; explicitFileType = wrapper.cfbundle; includeInIndex = 0; path = GitDemoTests.xctest; sourceTree = BUILT_PRODUCTS_DIR; };
		7C43444D1B53AAAA00BAC801 /* Info.plist */ = {isa = PBXFileReference; lastKnownFileType = text.plist.xml; path = Info.plist; sourceTree = "<group>"; };
		7C43444E1B53AAAA00BAC801 /* GitDemoTests.m */ = {isa = PBXFileReference; lastKnownFileType = sourcecode.c.objc; path = GitDemoTests.m; sourceTree = "<group>"; };
/* End PBXFileReference section */

/* Begin PBXFrameworksBuildPhase section */
		7C43442C1B53AAA900BAC801 /* Frameworks */ = {
			isa = PBXFrameworksBuildPhase;
			buildActionMask = 2147483647;
			files = (
			);
			runOnlyForDeploymentPostprocessing = 0;
		};
		7C4344451B53AAAA00BAC801 /* Frameworks */ = {
			isa = PBXFrameworksBuildPhase;
			buildActionMask = 2147483647;
			files = (
			);
			runOnlyForDeploymentPostprocessing = 0;
		};
/* End PBXFrameworksBuildPhase section */

/* Begin PBXGroup section */
		7C4344261B53AAA900BAC801 = {
			isa = PBXGroup;
			children = (
				7C4344311B53AAA900BAC801 /* GitDemo */,
				7C43444B1B53AAAA00BAC801 /* GitDemoTests */,
				7C4344301B53AAA900BAC801 /* Products */,
			);
			sourceTree = "<group>";
		};
		7C4344301B53AAA900BAC801 /* Products */ = {
			isa = PBXGroup;
			children = (
				7C43442F1B53AAA900BAC801 /* GitDemo.app */,
				7C4344481B53AAAA00BAC801 /* GitDemoTests.xctest */,
			);
			name = Products;
			sourceTree = "<group>";
		};
		7C4344311B53AAA900BAC801 /* GitDemo */ = {
			isa = PBXGroup;
			children = (
				7C4344361B53AAAA00BAC801 /* AppDelegate.h */,
				7C4344371B53AAAA00BAC801 /* AppDelegate.m */,
				7C4344391B53AAAA00BAC801 /* ViewController.h */,
				7C43443A1B53AAAA00BAC801 /* ViewController.m */,
				7C43443C1B53AAAA00BAC801 /* Main.storyboard */,
				7C43443F1B53AAAA00BAC801 /* Images.xcassets */,
				7C4344411B53AAAA00BAC801 /* LaunchScreen.xib */,
				7C4344321B53AAAA00BAC801 /* Supporting Files */,
			);
			path = GitDemo;
			sourceTree = "<group>";
		};
		7C4344321B53AAAA00BAC801 /* Supporting Files */ = {
			isa = PBXGroup;
			children = (
				7C4344331B53AAAA00BAC801 /* Info.plist */,
				7C4344341B53AAAA00BAC801 /* main.m */,
			);
			name = "Supporting Files";
			sourceTree = "<group>";
		};
		7C43444B1B53AAAA00BAC801 /* GitDemoTests */ = {
			isa = PBXGroup;
			children = (
				7C43444E1B53AAAA00BAC801 /* GitDemoTests.m */,
				7C43444C1B53AAAA00BAC801 /* Supporting Files */,
			);
			path = GitDemoTests;
			sourceTree = "<group>";
		};
		7C43444C1B53AAAA00BAC801 /* Supporting Files */ = {
			isa = PBXGroup;
			children = (
				7C43444D1B53AAAA00BAC801 /* Info.plist */,
			);
			name = "Supporting Files";
			sourceTree = "<group>";
		};
/* End PBXGroup section */

/* Begin PBXNativeTarget section */
		7C43442E1B53AAA900BAC801 /* GitDemo */ = {
			isa = PBXNativeTarget;
			buildConfigurationList = 7C4344521B53AAAA00BAC801 /* Build configuration list for PBXNativeTarget "GitDemo" */;
			buildPhases = (
				7C43442B1B53AAA900BAC801 /* Sources */,
				7C43442C1B53AAA900BAC801 /* Frameworks */,
				7C43442D1B53AAA900BAC801 /* Resources */,
			);
			buildRules = (
			);
			dependencies = (
			);
			name = GitDemo;
			productName = GitDemo;
			productReference = 7C43442F1B53AAA900BAC801 /* GitDemo.app */;
			productType = "com.apple.product-type.application";
		};
		7C4344471B53AAAA00BAC801 /* GitDemoTests */ = {
			isa = PBXNativeTarget;
			buildConfigurationList = 7C4344551B53AAAA00BAC801 /* Build configuration list for PBXNativeTarget "GitDemoTests" */;
			buildPhases = (
				7C4344441B53AAAA00BAC801 /* Sources */,
				7C4344451B53AAAA00BAC801 /* Frameworks */,
				7C4344461B53AAAA00BAC801 /* Resources */,
			);
			buildRules = (
			);
			dependencies = (
				7C43444A1B53AAAA00BAC801 /* PBXTargetDependency */,
			);
			name = GitDemoTests;
			productName = GitDemoTests;
			productReference = 7C4344481B53AAAA00BAC801 /* GitDemoTests.xctest */;
			productType = "com.apple.product-type.bundle.unit-test";
		};
/* End PBXNativeTarget section */

/* Begin PBXProject section */
		7C4344271B53AAA900BAC801 /* Project object */ = {
			isa = PBXProject;
			attributes = {
				LastUpgradeCheck = 0640;
				ORGANIZATIONNAME = dhu.cst;
				TargetAttributes = {
					7C43442E1B53AAA900BAC801 = {
						CreatedOnToolsVersion = 6.4;
					};
					7C4344471B53AAAA00BAC801 = {
						CreatedOnToolsVersion = 6.4;
						TestTargetID = 7C43442E1B53AAA900BAC801;
					};
				};
			};
			buildConfigurationList = 7C43442A1B53AAA900BAC801 /* Build configuration list for PBXProject "GitDemo" */;
			compatibilityVersion = "Xcode 3.2";
			developmentRegion = English;
			hasScannedForEncodings = 0;
			knownRegions = (
				en,
				Base,
			);
			mainGroup = 7C4344261B53AAA900BAC801;
			productRefGroup = 7C4344301B53AAA900BAC801 /* Products */;
			projectDirPath = "";
			projectRoot = "";
			targets = (
				7C43442E1B53AAA900BAC801 /* GitDemo */,
				7C4344471B53AAAA00BAC801 /* GitDemoTests */,
			);
		};
/* End PBXProject section */

/* Begin PBXResourcesBuildPhase section */
		7C43442D1B53AAA900BAC801 /* Resources */ = {
			isa = PBXResourcesBuildPhase;
			buildActionMask = 2147483647;
			files = (
				7C43443E1B53AAAA00BAC801 /* Main.storyboard in Resources */,
				7C4344431B53AAAA00BAC801 /* LaunchScreen.xib in Resources */,
				7C4344401B53AAAA00BAC801 /* Images.xcassets in Resources */,
			);
			runOnlyForDeploymentPostprocessing = 0;
		};
		7C4344461B53AAAA00BAC801 /* Resources */ = {
			isa = PBXResourcesBuildPhase;
			buildActionMask = 2147483647;
			files = (
			);
			runOnlyForDeploymentPostprocessing = 0;
		};
/* End PBXResourcesBuildPhase section */

/* Begin PBXSourcesBuildPhase section */
		7C43442B1B53AAA900BAC801 /* Sources */ = {
			isa = PBXSourcesBuildPhase;
			buildActionMask = 2147483647;
			files = (
				7C43443B1B53AAAA00BAC801 /* ViewController.m in Sources */,
				7C4344381B53AAAA00BAC801 /* AppDelegate.m in Sources */,
				7C4344351B53AAAA00BAC801 /* main.m in Sources */,
			);
			runOnlyForDeploymentPostprocessing = 0;
		};
		7C4344441B53AAAA00BAC801 /* Sources */ = {
			isa = PBXSourcesBuildPhase;
			buildActionMask = 2147483647;
			files = (
				7C43444F1B53AAAA00BAC801 /* GitDemoTests.m in Sources */,
			);
			runOnlyForDeploymentPostprocessing = 0;
		};
/* End PBXSourcesBuildPhase section */

/* Begin PBXTargetDependency section */
		7C43444A1B53AAAA00BAC801 /* PBXTargetDependency */ = {
			isa = PBXTargetDependency;
			target = 7C43442E1B53AAA900BAC801 /* GitDemo */;
			targetProxy = 7C4344491B53AAAA00BAC801 /* PBXContainerItemProxy */;
		};
/* End PBXTargetDependency section */

/* Begin PBXVariantGroup section */
		7C43443C1B53AAAA00BAC801 /* Main.storyboard */ = {
			isa = PBXVariantGroup;
			children = (
				7C43443D1B53AAAA00BAC801 /* Base */,
			);
			name = Main.storyboard;
			sourceTree = "<group>";
		};
		7C4344411B53AAAA00BAC801 /* LaunchScreen.xib */ = {
			isa = PBXVariantGroup;
			children = (
				7C4344421B53AAAA00BAC801 /* Base */,
			);
			name = LaunchScreen.xib;
			sourceTree = "<group>";
		};
/* End PBXVariantGroup section */

/* Begin XCBuildConfiguration section */
		7C4344501B53AAAA00BAC801 /* Debug */ = {
			isa = XCBuildConfiguration;
			buildSettings = {
				ALWAYS_SEARCH_USER_PATHS = NO;
				CLANG_CXX_LANGUAGE_STANDARD = "gnu++0x";
				CLANG_CXX_LIBRARY = "libc++";
				CLANG_ENABLE_MODULES = YES;
				CLANG_ENABLE_OBJC_ARC = YES;
				CLANG_WARN_BOOL_CONVERSION = YES;
				CLANG_WARN_CONSTANT_CONVERSION = YES;
				CLANG_WARN_DIRECT_OBJC_ISA_USAGE = YES_ERROR;
				CLANG_WARN_EMPTY_BODY = YES;
				CLANG_WARN_ENUM_CONVERSION = YES;
				CLANG_WARN_INT_CONVERSION = YES;
				CLANG_WARN_OBJC_ROOT_CLASS = YES_ERROR;
				CLANG_WARN_UNREACHABLE_CODE = YES;
				CLANG_WARN__DUPLICATE_METHOD_MATCH = YES;
				"CODE_SIGN_IDENTITY[sdk=iphoneos*]" = "iPhone Developer";
				COPY_PHASE_STRIP = NO;
				DEBUG_INFORMATION_FORMAT = "dwarf-with-dsym";
				ENABLE_STRICT_OBJC_MSGSEND = YES;
				GCC_C_LANGUAGE_STANDARD = gnu99;
				GCC_DYNAMIC_NO_PIC = NO;
				GCC_NO_COMMON_BLOCKS = YES;
				GCC_OPTIMIZATION_LEVEL = 0;
				GCC_PREPROCESSOR_DEFINITIONS = (
					"DEBUG=1",
					"$(inherited)",
				);
				GCC_SYMBOLS_PRIVATE_EXTERN = NO;
				GCC_WARN_64_TO_32_BIT_CONVERSION = YES;
				GCC_WARN_ABOUT_RETURN_TYPE = YES_ERROR;
				GCC_WARN_UNDECLARED_SELECTOR = YES;
				GCC_WARN_UNINITIALIZED_AUTOS = YES_AGGRESSIVE;
				GCC_WARN_UNUSED_FUNCTION = YES;
				GCC_WARN_UNUSED_VARIABLE = YES;
				IPHONEOS_DEPLOYMENT_TARGET = 8.4;
				MTL_ENABLE_DEBUG_INFO = YES;
				ONLY_ACTIVE_ARCH = YES;
				SDKROOT = iphoneos;
			};
			name = Debug;
		};
		7C4344511B53AAAA00BAC801 /* Release */ = {
			isa = XCBuildConfiguration;
			buildSettings = {
				ALWAYS_SEARCH_USER_PATHS = NO;
				CLANG_CXX_LANGUAGE_STANDARD = "gnu++0x";
				CLANG_CXX_LIBRARY = "libc++";
				CLANG_ENABLE_MODULES = YES;
				CLANG_ENABLE_OBJC_ARC = YES;
				CLANG_WARN_BOOL_CONVERSION = YES;
				CLANG_WARN_CONSTANT_CONVERSION = YES;
				CLANG_WARN_DIRECT_OBJC_ISA_USAGE = YES_ERROR;
				CLANG_WARN_EMPTY_BODY = YES;
				CLANG_WARN_ENUM_CONVERSION = YES;
				CLANG_WARN_INT_CONVERSION = YES;
				CLANG_WARN_OBJC_ROOT_CLASS = YES_ERROR;
				CLANG_WARN_UNREACHABLE_CODE = YES;
				CLANG_WARN__DUPLICATE_METHOD_MATCH = YES;
				"CODE_SIGN_IDENTITY[sdk=iphoneos*]" = "iPhone Developer";
				COPY_PHASE_STRIP = NO;
				DEBUG_INFORMATION_FORMAT = "dwarf-with-dsym";
				ENABLE_NS_ASSERTIONS = NO;
				ENABLE_STRICT_OBJC_MSGSEND = YES;
				GCC_C_LANGUAGE_STANDARD = gnu99;
				GCC_NO_COMMON_BLOCKS = YES;
				GCC_WARN_64_TO_32_BIT_CONVERSION = YES;
				GCC_WARN_ABOUT_RETURN_TYPE = YES_ERROR;
				GCC_WARN_UNDECLARED_SELECTOR = YES;
				GCC_WARN_UNINITIALIZED_AUTOS = YES_AGGRESSIVE;
				GCC_WARN_UNUSED_FUNCTION = YES;
				GCC_WARN_UNUSED_VARIABLE = YES;
				IPHONEOS_DEPLOYMENT_TARGET = 8.4;
				MTL_ENABLE_DEBUG_INFO = NO;
				SDKROOT = iphoneos;
				VALIDATE_PRODUCT = YES;
			};
			name = Release;
		};
		7C4344531B53AAAA00BAC801 /* Debug */ = {
			isa = XCBuildConfiguration;
			buildSettings = {
				ASSETCATALOG_COMPILER_APPICON_NAME = AppIcon;
				INFOPLIST_FILE = GitDemo/Info.plist;
				LD_RUNPATH_SEARCH_PATHS = "$(inherited) @executable_path/Frameworks";
				PRODUCT_NAME = "$(TARGET_NAME)";
			};
			name = Debug;
		};
		7C4344541B53AAAA00BAC801 /* Release */ = {
			isa = XCBuildConfiguration;
			buildSettings = {
				ASSETCATALOG_COMPILER_APPICON_NAME = AppIcon;
				INFOPLIST_FILE = GitDemo/Info.plist;
				LD_RUNPATH_SEARCH_PATHS = "$(inherited) @executable_path/Frameworks";
				PRODUCT_NAME = "$(TARGET_NAME)";
			};
			name = Release;
		};
		7C4344561B53AAAA00BAC801 /* Debug */ = {
			isa = XCBuildConfiguration;
			buildSettings = {
				BUNDLE_LOADER = "$(TEST_HOST)";
				FRAMEWORK_SEARCH_PATHS = (
					"$(SDKROOT)/Developer/Library/Frameworks",
					"$(inherited)",
				);
				GCC_PREPROCESSOR_DEFINITIONS = (
					"DEBUG=1",
					"$(inherited)",
				);
				INFOPLIST_FILE = GitDemoTests/Info.plist;
				LD_RUNPATH_SEARCH_PATHS = "$(inherited) @executable_path/Frameworks @loader_path/Frameworks";
				PRODUCT_NAME = "$(TARGET_NAME)";
				TEST_HOST = "$(BUILT_PRODUCTS_DIR)/GitDemo.app/GitDemo";
			};
			name = Debug;
		};
		7C4344571B53AAAA00BAC801 /* Release */ = {
			isa = XCBuildConfiguration;
			buildSettings = {
				BUNDLE_LOADER = "$(TEST_HOST)";
				FRAMEWORK_SEARCH_PATHS = (
					"$(SDKROOT)/Developer/Library/Frameworks",
					"$(inherited)",
				);
				INFOPLIST_FILE = GitDemoTests/Info.plist;
				LD_RUNPATH_SEARCH_PATHS = "$(inherited) @executable_path/Frameworks @loader_path/Frameworks";
				PRODUCT_NAME = "$(TARGET_NAME)";
				TEST_HOST = "$(BUILT_PRODUCTS_DIR)/GitDemo.app/GitDemo";
			};
			name = Release;
		};
/* End XCBuildConfiguration section */

/* Begin XCConfigurationList section */
		7C43442A1B53AAA900BAC801 /* Build configuration list for PBXProject "GitDemo" */ = {
			isa = XCConfigurationList;
			buildConfigurations = (
				7C4344501B53AAAA00BAC801 /* Debug */,
				7C4344511B53AAAA00BAC801 /* Release */,
			);
			defaultConfigurationIsVisible = 0;
			defaultConfigurationName = Release;
		};
		7C4344521B53AAAA00BAC801 /* Build configuration list for PBXNativeTarget "GitDemo" */ = {
			isa = XCConfigurationList;
			buildConfigurations = (
				7C4344531B53AAAA00BAC801 /* Debug */,
				7C4344541B53AAAA00BAC801 /* Release */,
			);
			defaultConfigurationIsVisible = 0;
		};
		7C4344551B53AAAA00BAC801 /* Build configuration list for PBXNativeTarget "GitDemoTests" */ = {
			isa = XCConfigurationList;
			buildConfigurations = (
				7C4344561B53AAAA00BAC801 /* Debug */,
				7C4344571B53AAAA00BAC801 /* Release */,
			);
			defaultConfigurationIsVisible = 0;
		};
/* End XCConfigurationList section */
	};
	rootObject = 7C4344271B53AAA900BAC801 /* Project object */;
}
